
Microsoft Visual Studio Solution File, Format Version 12.00
# Visual Studio Version 17
VisualStudioVersion = 17.6.33815.320
MinimumVisualStudioVersion = 10.0.40219.1
Project("{FAE04EC0-301F-11D3-BF4B-00C04F79EFBC}") = "Case", "Case\Case.csproj", "{3E66BF82-5770-4408-9B2C-685C13F8247A}"
EndProject
Global
	GlobalSection(SolutionConfigurationPlatforms) = preSolution
		Debug|Any CPU = Debug|Any CPU
		Release|Any CPU = Release|Any CPU
	EndGlobalSection
	GlobalSection(ProjectConfigurationPlatforms) = postSolution
		{3E66BF82-5770-4408-9B2C-685C13F8247A}.Debug|Any CPU.ActiveCfg = Debug|Any CPU
		{3E66BF82-5770-4408-9B2C-685C13F8247A}.Debug|Any CPU.Build.0 = Debug|Any CPU
		{3E66BF82-5770-4408-9B2C-685C13F8247A}.Release|Any CPU.ActiveCfg = Release|Any CPU
		{3E66BF82-5770-4408-9B2C-685C13F8247A}.Release|Any CPU.Build.0 = Release|Any CPU
	EndGlobalSection
	GlobalSection(SolutionProperties) = preSolution
		HideSolutionNode = FALSE
	EndGlobalSection
	GlobalSection(ExtensibilityGlobals) = postSolution
		SolutionGuid = {D0350DD8-96CB-43CD-A2C2-1E6704B0EB5A}
	EndGlobalSection
EndGlobal
